<?xml version="1.0" encoding="utf-8"?>
<Project ToolsVersion="4.0" xmlns="http://schemas.microsoft.com/developer/msbuild/2003">
  <ItemGroup>
    <Filter Include="src">
      <UniqueIdentifier>{2DAB880B-99B4-887C-2230-9F7C8E38947C}</UniqueIdentifier>
    </Filter>
    <Filter Include="src\Hyperion">
      <UniqueIdentifier>{6AA59D8D-5608-2D32-FF8D-65E8EBCFF8B4}</UniqueIdentifier>
    </Filter>
    <Filter Include="src\Hyperion\Core">
      <UniqueIdentifier>{02BCA875-6ED2-A60B-B749-322D239F7793}</UniqueIdentifier>
    </Filter>
    <Filter Include="src\Hyperion\ECS">
      <UniqueIdentifier>{B43E81C5-A037-A017-C969-859CB5C17F23}</UniqueIdentifier>
    </Filter>
    <Filter Include="src\Hyperion\ECS\Systems">
      <UniqueIdentifier>{BB083939-A72D-88B9-D078-6D49BCFC86D7}</UniqueIdentifier>
    </Filter>
    <Filter Include="src\Hyperion\Events">
      <UniqueIdentifier>{0ED6E987-7A37-C795-03A5-0D486F05FE54}</UniqueIdentifier>
    </Filter>
    <Filter Include="src\Hyperion\Layers">
      <UniqueIdentifier>{E9C0CC96-5522-AAA4-DE8F-F0564AF0E063}</UniqueIdentifier>
    </Filter>
    <Filter Include="src\Hyperion\Maths">
      <UniqueIdentifier>{568D6D2B-4271-2E81-ABD1-28D497D41803}</UniqueIdentifier>
    </Filter>
    <Filter Include="src\Hyperion\Memory">
      <UniqueIdentifier>{92E16399-FE42-41A7-87B0-8759F3107866}</UniqueIdentifier>
    </Filter>
    <Filter Include="src\Hyperion\Rendering">
      <UniqueIdentifier>{37BB0637-23B5-2F89-0C22-C699F8BA95F5}</UniqueIdentifier>
    </Filter>
    <Filter Include="src\Hyperion\Rendering\Buffers">
      <UniqueIdentifier>{B3C1421B-9FE7-0C82-882D-924D74F2314E}</UniqueIdentifier>
    </Filter>
    <Filter Include="src\Hyperion\Utilities">
      <UniqueIdentifier>{551667FE-4110-9050-2A7D-26611616F6BC}</UniqueIdentifier>
    </Filter>
    <Filter Include="src\Hyperion\Utilities\Structures">
      <UniqueIdentifier>{285CC3E1-94CA-1861-DDB3-D36049610EFD}</UniqueIdentifier>
    </Filter>
    <Filter Include="src\Platform">
      <UniqueIdentifier>{21CA02E5-0D2D-9289-B6B2-CA3FA2F45D0C}</UniqueIdentifier>
    </Filter>
    <Filter Include="src\Platform\OpenGL">
      <UniqueIdentifier>{35A49437-A105-7245-2A73-B8F796D3A804}</UniqueIdentifier>
    </Filter>
    <Filter Include="vendor">
      <UniqueIdentifier>{B3738122-9F15-ACF8-88D0-BF4C74113349}</UniqueIdentifier>
    </Filter>
    <Filter Include="vendor\stb_image">
      <UniqueIdentifier>{0DA0BA59-F998-D9AB-22CB-BE300E23B9B7}</UniqueIdentifier>
    </Filter>
  </ItemGroup>
  <ItemGroup>
    <ClInclude Include="src\Hyperion.hpp">
      <Filter>src</Filter>
    </ClInclude>
    <ClInclude Include="src\Hyperion\Core\Application.hpp">
      <Filter>src\Hyperion\Core</Filter>
    </ClInclude>
    <ClInclude Include="src\Hyperion\Core\Core.hpp">
      <Filter>src\Hyperion\Core</Filter>
    </ClInclude>
    <ClInclude Include="src\Hyperion\Core\EntryPoint.hpp">
      <Filter>src\Hyperion\Core</Filter>
    </ClInclude>
    <ClInclude Include="src\Hyperion\ECS\ComponentBuffer.hpp">
      <Filter>src\Hyperion\ECS</Filter>
    </ClInclude>
    <ClInclude Include="src\Hyperion\ECS\Components.hpp">
      <Filter>src\Hyperion\ECS</Filter>
    </ClInclude>
    <ClInclude Include="src\Hyperion\ECS\Registry.hpp">
      <Filter>src\Hyperion\ECS</Filter>
    </ClInclude>
    <ClInclude Include="src\Hyperion\ECS\Scene.hpp">
      <Filter>src\Hyperion\ECS</Filter>
    </ClInclude>
    <ClInclude Include="src\Hyperion\ECS\Systems\CharacterControllerSystem.hpp">
      <Filter>src\Hyperion\ECS\Systems</Filter>
    </ClInclude>
    <ClInclude Include="src\Hyperion\ECS\Systems\EntitySystem.hpp">
      <Filter>src\Hyperion\ECS\Systems</Filter>
    </ClInclude>
    <ClInclude Include="src\Hyperion\ECS\Systems\EntitySystems.hpp">
      <Filter>src\Hyperion\ECS\Systems</Filter>
    </ClInclude>
    <ClInclude Include="src\Hyperion\Events\Event.hpp">
      <Filter>src\Hyperion\Events</Filter>
    </ClInclude>
    <ClInclude Include="src\Hyperion\Events\KeyEvents.hpp">
      <Filter>src\Hyperion\Events</Filter>
    </ClInclude>
    <ClInclude Include="src\Hyperion\Events\MouseEvents.hpp">
      <Filter>src\Hyperion\Events</Filter>
    </ClInclude>
    <ClInclude Include="src\Hyperion\Events\WindowEvents.hpp">
      <Filter>src\Hyperion\Events</Filter>
    </ClInclude>
    <ClInclude Include="src\Hyperion\Layers\ImGuiLayer.hpp">
      <Filter>src\Hyperion\Layers</Filter>
    </ClInclude>
    <ClInclude Include="src\Hyperion\Layers\Layer.hpp">
      <Filter>src\Hyperion\Layers</Filter>
    </ClInclude>
    <ClInclude Include="src\Hyperion\Layers\LayerStack.hpp">
      <Filter>src\Hyperion\Layers</Filter>
    </ClInclude>
    <ClInclude Include="src\Hyperion\Maths\Matrix.hpp">
      <Filter>src\Hyperion\Maths</Filter>
    </ClInclude>
    <ClInclude Include="src\Hyperion\Maths\Matrix2.hpp">
      <Filter>src\Hyperion\Maths</Filter>
    </ClInclude>
    <ClInclude Include="src\Hyperion\Maths\Matrix3.hpp">
      <Filter>src\Hyperion\Maths</Filter>
    </ClInclude>
    <ClInclude Include="src\Hyperion\Maths\Matrix4.hpp">
      <Filter>src\Hyperion\Maths</Filter>
    </ClInclude>
    <ClInclude Include="src\Hyperion\Maths\Vector.hpp">
      <Filter>src\Hyperion\Maths</Filter>
    </ClInclude>
    <ClInclude Include="src\Hyperion\Maths\Vector2.hpp">
      <Filter>src\Hyperion\Maths</Filter>
    </ClInclude>
    <ClInclude Include="src\Hyperion\Maths\Vector3.hpp">
      <Filter>src\Hyperion\Maths</Filter>
    </ClInclude>
    <ClInclude Include="src\Hyperion\Maths\Vector4.hpp">
      <Filter>src\Hyperion\Maths</Filter>
    </ClInclude>
    <ClInclude Include="src\Hyperion\Memory\FreeAllocator.hpp">
      <Filter>src\Hyperion\Memory</Filter>
    </ClInclude>
    <ClInclude Include="src\Hyperion\Memory\LinearAllocator.hpp">
      <Filter>src\Hyperion\Memory</Filter>
    </ClInclude>
    <ClInclude Include="src\Hyperion\Memory\PageAllocator.hpp">
      <Filter>src\Hyperion\Memory</Filter>
    </ClInclude>
    <ClInclude Include="src\Hyperion\Memory\PoolAllocator.hpp">
      <Filter>src\Hyperion\Memory</Filter>
    </ClInclude>
    <ClInclude Include="src\Hyperion\Memory\StackAllocator.hpp">
      <Filter>src\Hyperion\Memory</Filter>
    </ClInclude>
    <ClInclude Include="src\Hyperion\Rendering\Buffers\FrameBuffer.hpp">
      <Filter>src\Hyperion\Rendering\Buffers</Filter>
    </ClInclude>
    <ClInclude Include="src\Hyperion\Rendering\Buffers\IndexBuffer.hpp">
      <Filter>src\Hyperion\Rendering\Buffers</Filter>
    </ClInclude>
    <ClInclude Include="src\Hyperion\Rendering\Buffers\Vertex.hpp">
      <Filter>src\Hyperion\Rendering\Buffers</Filter>
    </ClInclude>
    <ClInclude Include="src\Hyperion\Rendering\Buffers\VertexArray.hpp">
      <Filter>src\Hyperion\Rendering\Buffers</Filter>
    </ClInclude>
    <ClInclude Include="src\Hyperion\Rendering\Buffers\VertexBuffer.hpp">
      <Filter>src\Hyperion\Rendering\Buffers</Filter>
    </ClInclude>
    <ClInclude Include="src\Hyperion\Rendering\RenderContext.hpp">
      <Filter>src\Hyperion\Rendering</Filter>
    </ClInclude>
    <ClInclude Include="src\Hyperion\Rendering\ShaderManager.hpp">
      <Filter>src\Hyperion\Rendering</Filter>
    </ClInclude>
    <ClInclude Include="src\Hyperion\Rendering\TextureManager.hpp">
      <Filter>src\Hyperion\Rendering</Filter>
    </ClInclude>
    <ClInclude Include="src\Hyperion\Rendering\Window.hpp">
      <Filter>src\Hyperion\Rendering</Filter>
    </ClInclude>
    <ClInclude Include="src\Hyperion\Utilities\Hasher.hpp">
      <Filter>src\Hyperion\Utilities</Filter>
    </ClInclude>
    <ClInclude Include="src\Hyperion\Utilities\Input.hpp">
      <Filter>src\Hyperion\Utilities</Filter>
    </ClInclude>
    <ClInclude Include="src\Hyperion\Utilities\KeyCodes.hpp">
      <Filter>src\Hyperion\Utilities</Filter>
    </ClInclude>
    <ClInclude Include="src\Hyperion\Utilities\Log.hpp">
      <Filter>src\Hyperion\Utilities</Filter>
    </ClInclude>
    <ClInclude Include="src\Hyperion\Utilities\Logger.hpp">
      <Filter>src\Hyperion\Utilities</Filter>
    </ClInclude>
    <ClInclude Include="src\Hyperion\Utilities\MouseCodes.hpp">
      <Filter>src\Hyperion\Utilities</Filter>
    </ClInclude>
    <ClInclude Include="src\Hyperion\Utilities\NonCopyable.hpp">
      <Filter>src\Hyperion\Utilities</Filter>
    </ClInclude>
    <ClInclude Include="src\Hyperion\Utilities\NonMoveable.hpp">
      <Filter>src\Hyperion\Utilities</Filter>
    </ClInclude>
    <ClInclude Include="src\Hyperion\Utilities\Random.hpp">
      <Filter>src\Hyperion\Utilities</Filter>
    </ClInclude>
    <ClInclude Include="src\Hyperion\Utilities\Structures\Array.hpp">
      <Filter>src\Hyperion\Utilities\Structures</Filter>
    </ClInclude>
    <ClInclude Include="src\Hyperion\Utilities\Structures\Pair.hpp">
      <Filter>src\Hyperion\Utilities\Structures</Filter>
    </ClInclude>
    <ClInclude Include="src\Hyperion\Utilities\Structures\Vector.hpp">
      <Filter>src\Hyperion\Utilities\Structures</Filter>
    </ClInclude>
    <ClInclude Include="src\Hyperion\Utilities\Timer.hpp">
      <Filter>src\Hyperion\Utilities</Filter>
    </ClInclude>
    <ClInclude Include="src\Hyperion\Utilities\Timestep.hpp">
      <Filter>src\Hyperion\Utilities</Filter>
    </ClInclude>
    <ClInclude Include="src\Platform\OpenGL\OpenGLContext.hpp">
      <Filter>src\Platform\OpenGL</Filter>
    </ClInclude>
    <ClInclude Include="src\Platform\OpenGL\OpenGLShaderManager.hpp">
      <Filter>src\Platform\OpenGL</Filter>
    </ClInclude>
    <ClInclude Include="src\Platform\OpenGL\OpenGLTextureManager.hpp">
      <Filter>src\Platform\OpenGL</Filter>
    </ClInclude>
    <ClInclude Include="src\Platform\OpenGL\OpenGLWindow.hpp">
      <Filter>src\Platform\OpenGL</Filter>
    </ClInclude>
    <ClInclude Include="vendor\stb_image\stb_image.h">
      <Filter>vendor\stb_image</Filter>
    </ClInclude>
    <ClInclude Include="src\Platform\OpenGL\ImGuiGLFWRenderer.h" />
    <ClInclude Include="src\Platform\OpenGL\ImGuiOpenGLRenderer.h" />
  </ItemGroup>
  <ItemGroup>
    <ClCompile Include="src\Hyperion\Core\Application.cpp">
      <Filter>src\Hyperion\Core</Filter>
    </ClCompile>
    <ClCompile Include="src\Hyperion\ECS\Registry.cpp">
      <Filter>src\Hyperion\ECS</Filter>
    </ClCompile>
    <ClCompile Include="src\Hyperion\ECS\Scene.cpp">
      <Filter>src\Hyperion\ECS</Filter>
    </ClCompile>
    <ClCompile Include="src\Hyperion\ECS\Systems\EntitySystems.cpp">
      <Filter>src\Hyperion\ECS\Systems</Filter>
    </ClCompile>
    <ClCompile Include="src\Hyperion\Layers\ImGuiLayer.cpp">
      <Filter>src\Hyperion\Layers</Filter>
    </ClCompile>
    <ClCompile Include="src\Hyperion\Layers\Layer.cpp">
      <Filter>src\Hyperion\Layers</Filter>
    </ClCompile>
    <ClCompile Include="src\Hyperion\Layers\LayerStack.cpp">
      <Filter>src\Hyperion\Layers</Filter>
    </ClCompile>
    <ClCompile Include="src\Hyperion\Memory\PoolAllocator.cpp">
      <Filter>src\Hyperion\Memory</Filter>
    </ClCompile>
    <ClCompile Include="src\Hyperion\Rendering\Buffers\FrameBuffer.cpp">
      <Filter>src\Hyperion\Rendering\Buffers</Filter>
    </ClCompile>
    <ClCompile Include="src\Hyperion\Rendering\Buffers\IndexBuffer.cpp">
      <Filter>src\Hyperion\Rendering\Buffers</Filter>
    </ClCompile>
    <ClCompile Include="src\Hyperion\Rendering\Buffers\VertexArray.cpp">
      <Filter>src\Hyperion\Rendering\Buffers</Filter>
    </ClCompile>
    <ClCompile Include="src\Hyperion\Rendering\Buffers\VertexBuffer.cpp">
      <Filter>src\Hyperion\Rendering\Buffers</Filter>
    </ClCompile>
    <ClCompile Include="src\Hyperion\Utilities\Hasher.cpp">
      <Filter>src\Hyperion\Utilities</Filter>
    </ClCompile>
    <ClCompile Include="src\Hyperion\Utilities\Input.cpp">
      <Filter>src\Hyperion\Utilities</Filter>
    </ClCompile>
    <ClCompile Include="src\Hyperion\Utilities\Log.cpp">
      <Filter>src\Hyperion\Utilities</Filter>
    </ClCompile>
    <ClCompile Include="src\Hyperion\Utilities\Logger.cpp">
      <Filter>src\Hyperion\Utilities</Filter>
    </ClCompile>
    <ClCompile Include="src\Hyperion\Utilities\Random.cpp">
      <Filter>src\Hyperion\Utilities</Filter>
    </ClCompile>
    <ClCompile Include="src\Hyperion\Utilities\Timer.cpp">
      <Filter>src\Hyperion\Utilities</Filter>
    </ClCompile>
    <ClCompile Include="src\Hyperion\Utilities\Timestep.cpp">
      <Filter>src\Hyperion\Utilities</Filter>
    </ClCompile>
    <ClCompile Include="src\Platform\OpenGL\ImGuiGLFWRenderer.cpp">
      <Filter>src\Platform\OpenGL</Filter>
    </ClCompile>
    <ClCompile Include="src\Platform\OpenGL\ImGuiOpenGLRenderer.cpp">
      <Filter>src\Platform\OpenGL</Filter>
    </ClCompile>
    <ClCompile Include="src\Platform\OpenGL\OpenGLContext.cpp">
      <Filter>src\Platform\OpenGL</Filter>
    </ClCompile>
    <ClCompile Include="src\Platform\OpenGL\OpenGLShaderManager.cpp">
      <Filter>src\Platform\OpenGL</Filter>
    </ClCompile>
    <ClCompile Include="src\Platform\OpenGL\OpenGLTextureManager.cpp">
      <Filter>src\Platform\OpenGL</Filter>
    </ClCompile>
    <ClCompile Include="src\Platform\OpenGL\OpenGLWindow.cpp">
      <Filter>src\Platform\OpenGL</Filter>
    </ClCompile>
    <ClCompile Include="vendor\stb_image\stb_image.cpp">
      <Filter>vendor\stb_image</Filter>
    </ClCompile>
    <ClCompile Include="src\Hyperion\ECS\ComponentBuffer.cpp" />
  </ItemGroup>
</Project>